// !$*UTF8*$!
{
	archiveVersion = 1;
	classes = {
	};
	objectVersion = 50;
	objects = {

/* Begin PBXBuildFile section */
		1C3B6DA3BBBAAAD75D0B0D44 /* Pods_taskTest.framework in Frameworks */ = {isa = PBXBuildFile; fileRef = E42792A72127DB864F1B965E /* Pods_taskTest.framework */; };
		3225F06220B38566004C7663 /* AppDelegate.swift in Sources */ = {isa = PBXBuildFile; fileRef = 3225F06120B38566004C7663 /* AppDelegate.swift */; };
		3225F06420B38566004C7663 /* ViewController.swift in Sources */ = {isa = PBXBuildFile; fileRef = 3225F06320B38566004C7663 /* ViewController.swift */; };
		3225F06720B38566004C7663 /* Main.storyboard in Resources */ = {isa = PBXBuildFile; fileRef = 3225F06520B38566004C7663 /* Main.storyboard */; };
		3225F06A20B38566004C7663 /* taskTest.xcdatamodeld in Sources */ = {isa = PBXBuildFile; fileRef = 3225F06820B38566004C7663 /* taskTest.xcdatamodeld */; };
		3225F06C20B38568004C7663 /* Assets.xcassets in Resources */ = {isa = PBXBuildFile; fileRef = 3225F06B20B38568004C7663 /* Assets.xcassets */; };
		3225F06F20B38568004C7663 /* LaunchScreen.storyboard in Resources */ = {isa = PBXBuildFile; fileRef = 3225F06D20B38568004C7663 /* LaunchScreen.storyboard */; };
/* End PBXBuildFile section */

/* Begin PBXFileReference section */
		1657DB507040F8C7D0570368 /* Pods-taskTest.debug.xcconfig */ = {isa = PBXFileReference; includeInIndex = 1; lastKnownFileType = text.xcconfig; name = "Pods-taskTest.debug.xcconfig"; path = "Pods/Target Support Files/Pods-taskTest/Pods-taskTest.debug.xcconfig"; sourceTree = "<group>"; };
		3225F05E20B38566004C7663 /* taskTest.app */ = {isa = PBXFileReference; explicitFileType = wrapper.application; includeInIndex = 0; path = taskTest.app; sourceTree = BUILT_PRODUCTS_DIR; };
		3225F06120B38566004C7663 /* AppDelegate.swift */ = {isa = PBXFileReference; lastKnownFileType = sourcecode.swift; path = AppDelegate.swift; sourceTree = "<group>"; };
		3225F06320B38566004C7663 /* ViewController.swift */ = {isa = PBXFileReference; lastKnownFileType = sourcecode.swift; path = ViewController.swift; sourceTree = "<group>"; };
		3225F06620B38566004C7663 /* Base */ = {isa = PBXFileReference; lastKnownFileType = file.storyboard; name = Base; path = Base.lproj/Main.storyboard; sourceTree = "<group>"; };
		3225F06920B38566004C7663 /* taskTest.xcdatamodel */ = {isa = PBXFileReference; lastKnownFileType = wrapper.xcdatamodel; path = taskTest.xcdatamodel; sourceTree = "<group>"; };
		3225F06B20B38568004C7663 /* Assets.xcassets */ = {isa = PBXFileReference; lastKnownFileType = folder.assetcatalog; path = Assets.xcassets; sourceTree = "<group>"; };
		3225F06E20B38568004C7663 /* Base */ = {isa = PBXFileReference; lastKnownFileType = file.storyboard; name = Base; path = Base.lproj/LaunchScreen.storyboard; sourceTree = "<group>"; };
		3225F07020B38568004C7663 /* Info.plist */ = {isa = PBXFileReference; lastKnownFileType = text.plist.xml; path = Info.plist; sourceTree = "<group>"; };
		7F42430588131E6BEDBFA70D /* Pods-taskTest.release.xcconfig */ = {isa = PBXFileReference; includeInIndex = 1; lastKnownFileType = text.xcconfig; name = "Pods-taskTest.release.xcconfig"; path = "Pods/Target Support Files/Pods-taskTest/Pods-taskTest.release.xcconfig"; sourceTree = "<group>"; };
		E42792A72127DB864F1B965E /* Pods_taskTest.framework */ = {isa = PBXFileReference; explicitFileType = wrapper.framework; includeInIndex = 0; path = Pods_taskTest.framework; sourceTree = BUILT_PRODUCTS_DIR; };
/* End PBXFileReference section */

/* Begin PBXFrameworksBuildPhase section */
		3225F05B20B38566004C7663 /* Frameworks */ = {
			isa = PBXFrameworksBuildPhase;
			buildActionMask = 2147483647;
			files = (
				1C3B6DA3BBBAAAD75D0B0D44 /* Pods_taskTest.framework in Frameworks */,
			);
			runOnlyForDeploymentPostprocessing = 0;
		};
/* End PBXFrameworksBuildPhase section */

/* Begin PBXGroup section */
		3225F05520B38565004C7663 = {
			isa = PBXGroup;
			children = (
				3225F06020B38566004C7663 /* taskTest */,
				3225F05F20B38566004C7663 /* Products */,
				BFBF6B4471580487DC664092 /* Pods */,
				F1B9FCB74201F37C319BCA2E /* Frameworks */,
			);
			sourceTree = "<group>";
		};
		3225F05F20B38566004C7663 /* Products */ = {
			isa = PBXGroup;
			children = (
				3225F05E20B38566004C7663 /* taskTest.app */,
			);
			name = Products;
			sourceTree = "<group>";
		};
		3225F06020B38566004C7663 /* taskTest */ = {
			isa = PBXGroup;
			children = (
				3225F06120B38566004C7663 /* AppDelegate.swift */,
				3225F06320B38566004C7663 /* ViewController.swift */,
				3225F06520B38566004C7663 /* Main.storyboard */,
				3225F06B20B38568004C7663 /* Assets.xcassets */,
				3225F06D20B38568004C7663 /* LaunchScreen.storyboard */,
				3225F07020B38568004C7663 /* Info.plist */,
				3225F06820B38566004C7663 /* taskTest.xcdatamodeld */,
			);
			path = taskTest;
			sourceTree = "<group>";
		};
		BFBF6B4471580487DC664092 /* Pods */ = {
			isa = PBXGroup;
			children = (
				1657DB507040F8C7D0570368 /* Pods-taskTest.debug.xcconfig */,
				7F42430588131E6BEDBFA70D /* Pods-taskTest.release.xcconfig */,
			);
			name = Pods;
			sourceTree = "<group>";
		};
		F1B9FCB74201F37C319BCA2E /* Frameworks */ = {
			isa = PBXGroup;
			children = (
				E42792A72127DB864F1B965E /* Pods_taskTest.framework */,
			);
			name = Frameworks;
			sourceTree = "<group>";
		};
/* End PBXGroup section */

/* Begin PBXNativeTarget section */
		3225F05D20B38566004C7663 /* taskTest */ = {
			isa = PBXNativeTarget;
			buildConfigurationList = 3225F07320B38568004C7663 /* Build configuration list for PBXNativeTarget "taskTest" */;
			buildPhases = (
				C3672DB30553EBD86226072C /* [CP] Check Pods Manifest.lock */,
				3225F05A20B38566004C7663 /* Sources */,
				3225F05B20B38566004C7663 /* Frameworks */,
				3225F05C20B38566004C7663 /* Resources */,
				36AFD36AEE5B7A315E59CACC /* [CP] Embed Pods Frameworks */,
			);
			buildRules = (
			);
			dependencies = (
			);
			name = taskTest;
			productName = taskTest;
			productReference = 3225F05E20B38566004C7663 /* taskTest.app */;
			productType = "com.apple.product-type.application";
		};
/* End PBXNativeTarget section */

/* Begin PBXProject section */
		3225F05620B38565004C7663 /* Project object */ = {
			isa = PBXProject;
			attributes = {
				LastSwiftUpdateCheck = 0930;
				LastUpgradeCheck = 0930;
				ORGANIZATIONNAME = "Zyad Galal";
				TargetAttributes = {
					3225F05D20B38566004C7663 = {
						CreatedOnToolsVersion = 9.3;
					};
				};
			};
			buildConfigurationList = 3225F05920B38565004C7663 /* Build configuration list for PBXProject "taskTest" */;
			compatibilityVersion = "Xcode 9.3";
			developmentRegion = en;
			hasScannedForEncodings = 0;
			knownRegions = (
				en,
				Base,
			);
			mainGroup = 3225F05520B38565004C7663;
			productRefGroup = 3225F05F20B38566004C7663 /* Products */;
			projectDirPath = "";
			projectRoot = "";
			targets = (
				3225F05D20B38566004C7663 /* taskTest */,
			);
		};
/* End PBXProject section */

/* Begin PBXResourcesBuildPhase section */
		3225F05C20B38566004C7663 /* Resources */ = {
			isa = PBXResourcesBuildPhase;
			buildActionMask = 2147483647;
			files = (
				3225F06F20B38568004C7663 /* LaunchScreen.storyboard in Resources */,
				3225F06C20B38568004C7663 /* Assets.xcassets in Resources */,
				3225F06720B38566004C7663 /* Main.storyboard in Resources */,
			);
			runOnlyForDeploymentPostprocessing = 0;
		};
/* End PBXResourcesBuildPhase section */

/* Begin PBXShellScriptBuildPhase section */
		36AFD36AEE5B7A315E59CACC /* [CP] Embed Pods Frameworks */ = {
			isa = PBXShellScriptBuildPhase;
			buildActionMask = 2147483647;
			files = (
			);
			inputPaths = (
				"${SRCROOT}/Pods/Target Support Files/Pods-taskTest/Pods-taskTest-frameworks.sh",
				"${BUILT_PRODUCTS_DIR}/AGNavigationBarShape/AGNavigationBarShape.framework",
				"${BUILT_PRODUCTS_DIR}/Alamofire/Alamofire.framework",
				"${BUILT_PRODUCTS_DIR}/SVProgressHUD/SVProgressHUD.framework",
				"${BUILT_PRODUCTS_DIR}/SwiftyJSON/SwiftyJSON.framework",
			);
			name = "[CP] Embed Pods Frameworks";
			outputPaths = (
				"${TARGET_BUILD_DIR}/${FRAMEWORKS_FOLDER_PATH}/AGNavigationBarShape.framework",
				"${TARGET_BUILD_DIR}/${FRAMEWORKS_FOLDER_PATH}/Alamofire.framework",
				"${TARGET_BUILD_DIR}/${FRAMEWORKS_FOLDER_PATH}/SVProgressHUD.framework",
				"${TARGET_BUILD_DIR}/${FRAMEWORKS_FOLDER_PATH}/SwiftyJSON.framework",
			);
			runOnlyForDeploymentPostprocessing = 0;
			shellPath = /bin/sh;
			shellScript = "\"${SRCROOT}/Pods/Target Support Files/Pods-taskTest/Pods-taskTest-frameworks.sh\"\n";
			showEnvVarsInLog = 0;
		};
		C3672DB30553EBD86226072C /* [CP] Check Pods Manifest.lock */ = {
			isa = PBXShellScriptBuildPhase;
			buildActionMask = 2147483647;
			files = (
			);
			inputPaths = (
				"${PODS_PODFILE_DIR_PATH}/Podfile.lock",
				"${PODS_ROOT}/Manifest.lock",
			);
			name = "[CP] Check Pods Manifest.lock";
			outputPaths = (
				"$(DERIVED_FILE_DIR)/Pods-taskTest-checkManifestLockResult.txt",
			);
			runOnlyForDeploymentPostprocessing = 0;
			shellPath = /bin/sh;
			shellScript = "diff \"${PODS_PODFILE_DIR_PATH}/Podfile.lock\" \"${PODS_ROOT}/Manifest.lock\" > /dev/null\nif [ $? != 0 ] ; then\n    # print error to STDERR\n    echo \"error: The sandbox is not in sync with the Podfile.lock. Run 'pod install' or update your CocoaPods installation.\" >&2\n    exit 1\nfi\n# This output is used by Xcode 'outputs' to avoid re-running this script phase.\necho \"SUCCESS\" > \"${SCRIPT_OUTPUT_FILE_0}\"\n";
			showEnvVarsInLog = 0;
		};
/* End PBXShellScriptBuildPhase section */

/* Begin PBXSourcesBuildPhase section */
		3225F05A20B38566004C7663 /* Sources */ = {
			isa = PBXSourcesBuildPhase;
			buildActionMask = 2147483647;
			files = (
				3225F06A20B38566004C7663 /* taskTest.xcdatamodeld in Sources */,
				3225F06420B38566004C7663 /* ViewController.swift in Sources */,
				3225F06220B38566004C7663 /* AppDelegate.swift in Sources */,
			);
			runOnlyForDeploymentPostprocessing = 0;
		};
/* End PBXSourcesBuildPhase section */

/* Begin PBXVariantGroup section */
		3225F06520B38566004C7663 /* Main.storyboard */ = {
			isa = PBXVariantGroup;
			children = (
				3225F06620B38566004C7663 /* Base */,
			);
			name = Main.storyboard;
			sourceTree = "<group>";
		};
		3225F06D20B38568004C7663 /* LaunchScreen.storyboard */ = {
			isa = PBXVariantGroup;
			children = (
				3225F06E20B38568004C7663 /* Base */,
			);
			name = LaunchScreen.storyboard;
			sourceTree = "<group>";
		};
/* End PBXVariantGroup section */

/* Begin XCBuildConfiguration section */
		3225F07120B38568004C7663 /* Debug */ = {
			isa = XCBuildConfiguration;
			buildSettings = {
				ALWAYS_SEARCH_USER_PATHS = NO;
				CLANG_ANALYZER_NONNULL = YES;
				CLANG_ANALYZER_NUMBER_OBJECT_CONVERSION = YES_AGGRESSIVE;
				CLANG_CXX_LANGUAGE_STANDARD = "gnu++14";
				CLANG_CXX_LIBRARY = "libc++";
				CLANG_ENABLE_MODULES = YES;
				CLANG_ENABLE_OBJC_ARC = YES;
				CLANG_ENABLE_OBJC_WEAK = YES;
				CLANG_WARN_BLOCK_CAPTURE_AUTORELEASING = YES;
				CLANG_WARN_BOOL_CONVERSION = YES;
				CLANG_WARN_COMMA = YES;
				CLANG_WARN_CONSTANT_CONVERSION = YES;
				CLANG_WARN_DEPRECATED_OBJC_IMPLEMENTATIONS = YES;
				CLANG_WARN_DIRECT_OBJC_ISA_USAGE = YES_ERROR;
				CLANG_WARN_DOCUMENTATION_COMMENTS = YES;
				CLANG_WARN_EMPTY_BODY = YES;
				CLANG_WARN_ENUM_CONVERSION = YES;
				CLANG_WARN_INFINITE_RECURSION = YES;
				CLANG_WARN_INT_CONVERSION = YES;
				CLANG_WARN_NON_LITERAL_NULL_CONVERSION = YES;
				CLANG_WARN_OBJC_IMPLICIT_RETAIN_SELF = YES;
				CLANG_WARN_OBJC_LITERAL_CONVERSION = YES;
				CLANG_WARN_OBJC_ROOT_CLASS = YES_ERROR;
				CLANG_WARN_RANGE_LOOP_ANALYSIS = YES;
				CLANG_WARN_STRICT_PROTOTYPES = YES;
				CLANG_WARN_SUSPICIOUS_MOVE = YES;
				CLANG_WARN_UNGUARDED_AVAILABILITY = YES_AGGRESSIVE;
				CLANG_WARN_UNREACHABLE_CODE = YES;
				CLANG_WARN__DUPLICATE_METHOD_MATCH = YES;
				CODE_SIGN_IDENTITY = "iPhone Developer";
				COPY_PHASE_STRIP = NO;
				DEBUG_INFORMATION_FORMAT = dwarf;
				ENABLE_STRICT_OBJC_MSGSEND = YES;
				ENABLE_TESTABILITY = YES;
				GCC_C_LANGUAGE_STANDARD = gnu11;
				GCC_DYNAMIC_NO_PIC = NO;
				GCC_NO_COMMON_BLOCKS = YES;
				GCC_OPTIMIZATION_LEVEL = 0;
				GCC_PREPROCESSOR_DEFINITIONS = (
					"DEBUG=1",
					"$(inherited)",
				);
				GCC_WARN_64_TO_32_BIT_CONVERSION = YES;
				GCC_WARN_ABOUT_RETURN_TYPE = YES_ERROR;
				GCC_WARN_UNDECLARED_SELECTOR = YES;
				GCC_WARN_UNINITIALIZED_AUTOS = YES_AGGRESSIVE;
				GCC_WARN_UNUSED_FUNCTION = YES;
				GCC_WARN_UNUSED_VARIABLE = YES;
				IPHONEOS_DEPLOYMENT_TARGET = 11.3;
				MTL_ENABLE_DEBUG_INFO = YES;
				ONLY_ACTIVE_ARCH = YES;
				SDKROOT = iphoneos;
				SWIFT_ACTIVE_COMPILATION_CONDITIONS = DEBUG;
				SWIFT_OPTIMIZATION_LEVEL = "-Onone";
			};
			name = Debug;
		};
		3225F07220B38568004C7663 /* Release */ = {
			isa = XCBuildConfiguration;
			buildSettings = {
				ALWAYS_SEARCH_USER_PATHS = NO;
				CLANG_ANALYZER_NONNULL = YES;
				CLANG_ANALYZER_NUMBER_OBJECT_CONVERSION = YES_AGGRESSIVE;
				CLANG_CXX_LANGUAGE_STANDARD = "gnu++14";
				CLANG_CXX_LIBRARY = "libc++";
				CLANG_ENABLE_MODULES = YES;
				CLANG_ENABLE_OBJC_ARC = YES;
				CLANG_ENABLE_OBJC_WEAK = YES;
				CLANG_WARN_BLOCK_CAPTURE_AUTORELEASING = YES;
				CLANG_WARN_BOOL_CONVERSION = YES;
				CLANG_WARN_COMMA = YES;
				CLANG_WARN_CONSTANT_CONVERSION = YES;
				CLANG_WARN_DEPRECATED_OBJC_IMPLEMENTATIONS = YES;
				CLANG_WARN_DIRECT_OBJC_ISA_USAGE = YES_ERROR;
				CLANG_WARN_DOCUMENTATION_COMMENTS = YES;
				CLANG_WARN_EMPTY_BODY = YES;
				CLANG_WARN_ENUM_CONVERSION = YES;
				CLANG_WARN_INFINITE_RECURSION = YES;
				CLANG_WARN_INT_CONVERSION = YES;
				CLANG_WARN_NON_LITERAL_NULL_CONVERSION = YES;
				CLANG_WARN_OBJC_IMPLICIT_RETAIN_SELF = YES;
				CLANG_WARN_OBJC_LITERAL_CONVERSION = YES;
				CLANG_WARN_OBJC_ROOT_CLASS = YES_ERROR;
				CLANG_WARN_RANGE_LOOP_ANALYSIS = YES;
				CLANG_WARN_STRICT_PROTOTYPES = YES;
				CLANG_WARN_SUSPICIOUS_MOVE = YES;
				CLANG_WARN_UNGUARDED_AVAILABILITY = YES_AGGRESSIVE;
				CLANG_WARN_UNREACHABLE_CODE = YES;
				CLANG_WARN__DUPLICATE_METHOD_MATCH = YES;
				CODE_SIGN_IDENTITY = "iPhone Developer";
				COPY_PHASE_STRIP = NO;
				DEBUG_INFORMATION_FORMAT = "dwarf-with-dsym";
				ENABLE_NS_ASSERTIONS = NO;
				ENABLE_STRICT_OBJC_MSGSEND = YES;
				GCC_C_LANGUAGE_STANDARD = gnu11;
				GCC_NO_COMMON_BLOCKS = YES;
				GCC_WARN_64_TO_32_BIT_CONVERSION = YES;
				GCC_WARN_ABOUT_RETURN_TYPE = YES_ERROR;
				GCC_WARN_UNDECLARED_SELECTOR = YES;
				GCC_WARN_UNINITIALIZED_AUTOS = YES_AGGRESSIVE;
				GCC_WARN_UNUSED_FUNCTION = YES;
				GCC_WARN_UNUSED_VARIABLE = YES;
				IPHONEOS_DEPLOYMENT_TARGET = 11.3;
				MTL_ENABLE_DEBUG_INFO = NO;
				SDKROOT = iphoneos;
				SWIFT_COMPILATION_MODE = wholemodule;
				SWIFT_OPTIMIZATION_LEVEL = "-O";
				VALIDATE_PRODUCT = YES;
			};
			name = Release;
		};
		3225F07420B38568004C7663 /* Debug */ = {
			isa = XCBuildConfiguration;
			baseConfigurationReference = 1657DB507040F8C7D0570368 /* Pods-taskTest.debug.xcconfig */;
			buildSettings = {
				ASSETCATALOG_COMPILER_APPICON_NAME = AppIcon;
				CODE_SIGN_STYLE = Automatic;
				DEVELOPMENT_TEAM = MLXYZ7TJ5Q;
				INFOPLIST_FILE = taskTest/Info.plist;
				LD_RUNPATH_SEARCH_PATHS = "$(inherited) @executable_path/Frameworks";
				PRODUCT_BUNDLE_IDENTIFIER = com.zyadgalal.taskTest;
				PRODUCT_NAME = "$(TARGET_NAME)";
				SWIFT_VERSION = 4.0;
				TARGETED_DEVICE_FAMILY = "1,2";
			};
			name = Debug;
		};
		3225F07520B38568004C7663 /* Release */ = {
			isa = XCBuildConfiguration;
			baseConfigurationReference = 7F42430588131E6BEDBFA70D /* Pods-taskTest.release.xcconfig */;
			buildSettings = {
				ASSETCATALOG_COMPILER_APPICON_NAME = AppIcon;
				CODE_SIGN_STYLE = Automatic;
				DEVELOPMENT_TEAM = MLXYZ7TJ5Q;
				INFOPLIST_FILE = taskTest/Info.plist;
				LD_RUNPATH_SEARCH_PATHS = "$(inherited) @executable_path/Frameworks";
				PRODUCT_BUNDLE_IDENTIFIER = com.zyadgalal.taskTest;
				PRODUCT_NAME = "$(TARGET_NAME)";
				SWIFT_VERSION = 4.0;
				TARGETED_DEVICE_FAMILY = "1,2";
			};
			name = Release;
		};
/* End XCBuildConfiguration section */

/* Begin XCConfigurationList section */
		3225F05920B38565004C7663 /* Build configuration list for PBXProject "taskTest" */ = {
			isa = XCConfigurationList;
			buildConfigurations = (
				3225F07120B38568004C7663 /* Debug */,
				3225F07220B38568004C7663 /* Release */,
			);
			defaultConfigurationIsVisible = 0;
			defaultConfigurationName = Release;
		};
		3225F07320B38568004C7663 /* Build configuration list for PBXNativeTarget "taskTest" */ = {
			isa = XCConfigurationList;
			buildConfigurations = (
				3225F07420B38568004C7663 /* Debug */,
				3225F07520B38568004C7663 /* Release */,
			);
			defaultConfigurationIsVisible = 0;
			defaultConfigurationName = Release;
		};
/* End XCConfigurationList section */

/* Begin XCVersionGroup section */
		3225F06820B38566004C7663 /* taskTest.xcdatamodeld */ = {
			isa = XCVersionGroup;
			children = (
				3225F06920B38566004C7663 /* taskTest.xcdatamodel */,
			);
			currentVersion = 3225F06920B38566004C7663 /* taskTest.xcdatamodel */;
			path = taskTest.xcdatamodeld;
			sourceTree = "<group>";
			versionGroupType = wrapper.xcdatamodel;
		};
/* End XCVersionGroup section */
	};
	rootObject = 3225F05620B38565004C7663 /* Project object */;
}
